
Microsoft Visual Studio Solution File, Format Version 12.00
# Visual Studio Version 17
VisualStudioVersion = 17.11.35208.52
MinimumVisualStudioVersion = 10.0.40219.1
Project("{FAE04EC0-301F-11D3-BF4B-00C04F79EFBC}") = "Project1", "Project1\Project1.csproj", "{E711AF3D-5EB5-4A9E-A4CD-E1B6D676EE8A}"
EndProject
Global
	GlobalSection(SolutionConfigurationPlatforms) = preSolution
		Debug|Any CPU = Debug|Any CPU
		Release|Any CPU = Release|Any CPU
	EndGlobalSection
	GlobalSection(ProjectConfigurationPlatforms) = postSolution
		{E711AF3D-5EB5-4A9E-A4CD-E1B6D676EE8A}.Debug|Any CPU.ActiveCfg = Debug|Any CPU
		{E711AF3D-5EB5-4A9E-A4CD-E1B6D676EE8A}.Debug|Any CPU.Build.0 = Debug|Any CPU
		{E711AF3D-5EB5-4A9E-A4CD-E1B6D676EE8A}.Release|Any CPU.ActiveCfg = Release|Any CPU
		{E711AF3D-5EB5-4A9E-A4CD-E1B6D676EE8A}.Release|Any CPU.Build.0 = Release|Any CPU
	EndGlobalSection
	GlobalSection(SolutionProperties) = preSolution
		HideSolutionNode = FALSE
	EndGlobalSection
	GlobalSection(ExtensibilityGlobals) = postSolution
		SolutionGuid = {AD6DB0FA-624A-4FBC-9B1C-583941BFCE17}
	EndGlobalSection
EndGlobal
